// !$*UTF8*$!
{
	archiveVersion = 1;
	classes = {
	};
	objectVersion = 50;
	objects = {

/* Begin PBXBuildFile section */
		3BE436A522F8D79100F1C6CE /* AppDelegate.swift in Sources */ = {isa = PBXBuildFile; fileRef = 3BE436A422F8D79100F1C6CE /* AppDelegate.swift */; };
		3BE436A922F8D79100F1C6CE /* ViewController.swift in Sources */ = {isa = PBXBuildFile; fileRef = 3BE436A822F8D79100F1C6CE /* ViewController.swift */; };
		3BE436AC22F8D79100F1C6CE /* Main.storyboard in Resources */ = {isa = PBXBuildFile; fileRef = 3BE436AA22F8D79100F1C6CE /* Main.storyboard */; };
		3BE436AE22F8D79C00F1C6CE /* Assets.xcassets in Resources */ = {isa = PBXBuildFile; fileRef = 3BE436AD22F8D79C00F1C6CE /* Assets.xcassets */; };
		3BE436B122F8D79C00F1C6CE /* LaunchScreen.storyboard in Resources */ = {isa = PBXBuildFile; fileRef = 3BE436AF22F8D79C00F1C6CE /* LaunchScreen.storyboard */; };
/* End PBXBuildFile section */

/* Begin PBXFileReference section */
		3BE436A122F8D79000F1C6CE /* myjournal_lbta.app */ = {isa = PBXFileReference; explicitFileType = wrapper.application; includeInIndex = 0; path = myjournal_lbta.app; sourceTree = BUILT_PRODUCTS_DIR; };
		3BE436A422F8D79100F1C6CE /* AppDelegate.swift */ = {isa = PBXFileReference; lastKnownFileType = sourcecode.swift; path = AppDelegate.swift; sourceTree = "<group>"; };
		3BE436A822F8D79100F1C6CE /* ViewController.swift */ = {isa = PBXFileReference; lastKnownFileType = sourcecode.swift; path = ViewController.swift; sourceTree = "<group>"; };
		3BE436AB22F8D79100F1C6CE /* Base */ = {isa = PBXFileReference; lastKnownFileType = file.storyboard; name = Base; path = Base.lproj/Main.storyboard; sourceTree = "<group>"; };
		3BE436AD22F8D79C00F1C6CE /* Assets.xcassets */ = {isa = PBXFileReference; lastKnownFileType = folder.assetcatalog; path = Assets.xcassets; sourceTree = "<group>"; };
		3BE436B022F8D79C00F1C6CE /* Base */ = {isa = PBXFileReference; lastKnownFileType = file.storyboard; name = Base; path = Base.lproj/LaunchScreen.storyboard; sourceTree = "<group>"; };
		3BE436B222F8D79C00F1C6CE /* Info.plist */ = {isa = PBXFileReference; lastKnownFileType = text.plist.xml; path = Info.plist; sourceTree = "<group>"; };
/* End PBXFileReference section */

/* Begin PBXFrameworksBuildPhase section */
		3BE4369E22F8D79000F1C6CE /* Frameworks */ = {
			isa = PBXFrameworksBuildPhase;
			buildActionMask = 2147483647;
			files = (
			);
			runOnlyForDeploymentPostprocessing = 0;
		};
/* End PBXFrameworksBuildPhase section */

/* Begin PBXGroup section */
		3BE4369822F8D79000F1C6CE = {
			isa = PBXGroup;
			children = (
				3BE436A322F8D79000F1C6CE /* myjournal_lbta */,
				3BE436A222F8D79000F1C6CE /* Products */,
			);
			sourceTree = "<group>";
		};
		3BE436A222F8D79000F1C6CE /* Products */ = {
			isa = PBXGroup;
			children = (
				3BE436A122F8D79000F1C6CE /* myjournal_lbta.app */,
			);
			name = Products;
			sourceTree = "<group>";
		};
		3BE436A322F8D79000F1C6CE /* myjournal_lbta */ = {
			isa = PBXGroup;
			children = (
				3BE436A422F8D79100F1C6CE /* AppDelegate.swift */,
				3BE436A822F8D79100F1C6CE /* ViewController.swift */,
				3BE436AA22F8D79100F1C6CE /* Main.storyboard */,
				3BE436AD22F8D79C00F1C6CE /* Assets.xcassets */,
				3BE436AF22F8D79C00F1C6CE /* LaunchScreen.storyboard */,
				3BE436B222F8D79C00F1C6CE /* Info.plist */,
			);
			path = myjournal_lbta;
			sourceTree = "<group>";
		};
/* End PBXGroup section */

/* Begin PBXNativeTarget section */
		3BE436A022F8D79000F1C6CE /* myjournal_lbta */ = {
			isa = PBXNativeTarget;
			buildConfigurationList = 3BE436B522F8D79C00F1C6CE /* Build configuration list for PBXNativeTarget "myjournal_lbta" */;
			buildPhases = (
				3BE4369D22F8D79000F1C6CE /* Sources */,
				3BE4369E22F8D79000F1C6CE /* Frameworks */,
				3BE4369F22F8D79000F1C6CE /* Resources */,
			);
			buildRules = (
			);
			dependencies = (
			);
			name = myjournal_lbta;
			productName = myjournal_lbta;
			productReference = 3BE436A122F8D79000F1C6CE /* myjournal_lbta.app */;
			productType = "com.apple.product-type.application";
		};
/* End PBXNativeTarget section */

/* Begin PBXProject section */
		3BE4369922F8D79000F1C6CE /* Project object */ = {
			isa = PBXProject;
			attributes = {
				LastSwiftUpdateCheck = 1100;
				LastUpgradeCheck = 1100;
				ORGANIZATIONNAME = "Jack Sp@rroW";
				TargetAttributes = {
					3BE436A022F8D79000F1C6CE = {
						CreatedOnToolsVersion = 11.0;
					};
				};
			};
			buildConfigurationList = 3BE4369C22F8D79000F1C6CE /* Build configuration list for PBXProject "myjournal_lbta" */;
			compatibilityVersion = "Xcode 9.3";
			developmentRegion = en;
			hasScannedForEncodings = 0;
			knownRegions = (
				en,
				Base,
			);
			mainGroup = 3BE4369822F8D79000F1C6CE;
			productRefGroup = 3BE436A222F8D79000F1C6CE /* Products */;
			projectDirPath = "";
			projectRoot = "";
			targets = (
				3BE436A022F8D79000F1C6CE /* myjournal_lbta */,
			);
		};
/* End PBXProject section */

/* Begin PBXResourcesBuildPhase section */
		3BE4369F22F8D79000F1C6CE /* Resources */ = {
			isa = PBXResourcesBuildPhase;
			buildActionMask = 2147483647;
			files = (
				3BE436B122F8D79C00F1C6CE /* LaunchScreen.storyboard in Resources */,
				3BE436AE22F8D79C00F1C6CE /* Assets.xcassets in Resources */,
				3BE436AC22F8D79100F1C6CE /* Main.storyboard in Resources */,
			);
			runOnlyForDeploymentPostprocessing = 0;
		};
/* End PBXResourcesBuildPhase section */

/* Begin PBXSourcesBuildPhase section */
		3BE4369D22F8D79000F1C6CE /* Sources */ = {
			isa = PBXSourcesBuildPhase;
			buildActionMask = 2147483647;
			files = (
				3BE436A922F8D79100F1C6CE /* ViewController.swift in Sources */,
				3BE436A522F8D79100F1C6CE /* AppDelegate.swift in Sources */,
			);
			runOnlyForDeploymentPostprocessing = 0;
		};
/* End PBXSourcesBuildPhase section */

/* Begin PBXVariantGroup section */
		3BE436AA22F8D79100F1C6CE /* Main.storyboard */ = {
			isa = PBXVariantGroup;
			children = (
				3BE436AB22F8D79100F1C6CE /* Base */,
			);
			name = Main.storyboard;
			sourceTree = "<group>";
		};
		3BE436AF22F8D79C00F1C6CE /* LaunchScreen.storyboard */ = {
			isa = PBXVariantGroup;
			children = (
				3BE436B022F8D79C00F1C6CE /* Base */,
			);
			name = LaunchScreen.storyboard;
			sourceTree = "<group>";
		};
/* End PBXVariantGroup section */

/* Begin XCBuildConfiguration section */
		3BE436B322F8D79C00F1C6CE /* Debug */ = {
			isa = XCBuildConfiguration;
			buildSettings = {
				ALWAYS_SEARCH_USER_PATHS = NO;
				CLANG_ANALYZER_NONNULL = YES;
				CLANG_ANALYZER_NUMBER_OBJECT_CONVERSION = YES_AGGRESSIVE;
				CLANG_CXX_LANGUAGE_STANDARD = "gnu++14";
				CLANG_CXX_LIBRARY = "libc++";
				CLANG_ENABLE_MODULES = YES;
				CLANG_ENABLE_OBJC_ARC = YES;
				CLANG_ENABLE_OBJC_WEAK = YES;
				CLANG_WARN_BLOCK_CAPTURE_AUTORELEASING = YES;
				CLANG_WARN_BOOL_CONVERSION = YES;
				CLANG_WARN_COMMA = YES;
				CLANG_WARN_CONSTANT_CONVERSION = YES;
				CLANG_WARN_DEPRECATED_OBJC_IMPLEMENTATIONS = YES;
				CLANG_WARN_DIRECT_OBJC_ISA_USAGE = YES_ERROR;
				CLANG_WARN_DOCUMENTATION_COMMENTS = YES;
				CLANG_WARN_EMPTY_BODY = YES;
				CLANG_WARN_ENUM_CONVERSION = YES;
				CLANG_WARN_INFINITE_RECURSION = YES;
				CLANG_WARN_INT_CONVERSION = YES;
				CLANG_WARN_NON_LITERAL_NULL_CONVERSION = YES;
				CLANG_WARN_OBJC_IMPLICIT_RETAIN_SELF = YES;
				CLANG_WARN_OBJC_LITERAL_CONVERSION = YES;
				CLANG_WARN_OBJC_ROOT_CLASS = YES_ERROR;
				CLANG_WARN_RANGE_LOOP_ANALYSIS = YES;
				CLANG_WARN_STRICT_PROTOTYPES = YES;
				CLANG_WARN_SUSPICIOUS_MOVE = YES;
				CLANG_WARN_UNGUARDED_AVAILABILITY = YES_AGGRESSIVE;
				CLANG_WARN_UNREACHABLE_CODE = YES;
				CLANG_WARN__DUPLICATE_METHOD_MATCH = YES;
				COPY_PHASE_STRIP = NO;
				DEBUG_INFORMATION_FORMAT = dwarf;
				ENABLE_STRICT_OBJC_MSGSEND = YES;
				ENABLE_TESTABILITY = YES;
				GCC_C_LANGUAGE_STANDARD = gnu11;
				GCC_DYNAMIC_NO_PIC = NO;
				GCC_NO_COMMON_BLOCKS = YES;
				GCC_OPTIMIZATION_LEVEL = 0;
				GCC_PREPROCESSOR_DEFINITIONS = (
					"DEBUG=1",
					"$(inherited)",
				);
				GCC_WARN_64_TO_32_BIT_CONVERSION = YES;
				GCC_WARN_ABOUT_RETURN_TYPE = YES_ERROR;
				GCC_WARN_UNDECLARED_SELECTOR = YES;
				GCC_WARN_UNINITIALIZED_AUTOS = YES_AGGRESSIVE;
				GCC_WARN_UNUSED_FUNCTION = YES;
				GCC_WARN_UNUSED_VARIABLE = YES;
				IPHONEOS_DEPLOYMENT_TARGET = 12.2;
				MTL_ENABLE_DEBUG_INFO = INCLUDE_SOURCE;
				MTL_FAST_MATH = YES;
				ONLY_ACTIVE_ARCH = YES;
				SDKROOT = iphoneos;
				SWIFT_ACTIVE_COMPILATION_CONDITIONS = DEBUG;
				SWIFT_OPTIMIZATION_LEVEL = "-Onone";
			};
			name = Debug;
		};
		3BE436B422F8D79C00F1C6CE /* Release */ = {
			isa = XCBuildConfiguration;
			buildSettings = {
				ALWAYS_SEARCH_USER_PATHS = NO;
				CLANG_ANALYZER_NONNULL = YES;
				CLANG_ANALYZER_NUMBER_OBJECT_CONVERSION = YES_AGGRESSIVE;
				CLANG_CXX_LANGUAGE_STANDARD = "gnu++14";
				CLANG_CXX_LIBRARY = "libc++";
				CLANG_ENABLE_MODULES = YES;
				CLANG_ENABLE_OBJC_ARC = YES;
				CLANG_ENABLE_OBJC_WEAK = YES;
				CLANG_WARN_BLOCK_CAPTURE_AUTORELEASING = YES;
				CLANG_WARN_BOOL_CONVERSION = YES;
				CLANG_WARN_COMMA = YES;
				CLANG_WARN_CONSTANT_CONVERSION = YES;
				CLANG_WARN_DEPRECATED_OBJC_IMPLEMENTATIONS = YES;
				CLANG_WARN_DIRECT_OBJC_ISA_USAGE = YES_ERROR;
				CLANG_WARN_DOCUMENTATION_COMMENTS = YES;
				CLANG_WARN_EMPTY_BODY = YES;
				CLANG_WARN_ENUM_CONVERSION = YES;
				CLANG_WARN_INFINITE_RECURSION = YES;
				CLANG_WARN_INT_CONVERSION = YES;
				CLANG_WARN_NON_LITERAL_NULL_CONVERSION = YES;
				CLANG_WARN_OBJC_IMPLICIT_RETAIN_SELF = YES;
				CLANG_WARN_OBJC_LITERAL_CONVERSION = YES;
				CLANG_WARN_OBJC_ROOT_CLASS = YES_ERROR;
				CLANG_WARN_RANGE_LOOP_ANALYSIS = YES;
				CLANG_WARN_STRICT_PROTOTYPES = YES;
				CLANG_WARN_SUSPICIOUS_MOVE = YES;
				CLANG_WARN_UNGUARDED_AVAILABILITY = YES_AGGRESSIVE;
				CLANG_WARN_UNREACHABLE_CODE = YES;
				CLANG_WARN__DUPLICATE_METHOD_MATCH = YES;
				COPY_PHASE_STRIP = NO;
				DEBUG_INFORMATION_FORMAT = "dwarf-with-dsym";
				ENABLE_NS_ASSERTIONS = NO;
				ENABLE_STRICT_OBJC_MSGSEND = YES;
				GCC_C_LANGUAGE_STANDARD = gnu11;
				GCC_NO_COMMON_BLOCKS = YES;
				GCC_WARN_64_TO_32_BIT_CONVERSION = YES;
				GCC_WARN_ABOUT_RETURN_TYPE = YES_ERROR;
				GCC_WARN_UNDECLARED_SELECTOR = YES;
				GCC_WARN_UNINITIALIZED_AUTOS = YES_AGGRESSIVE;
				GCC_WARN_UNUSED_FUNCTION = YES;
				GCC_WARN_UNUSED_VARIABLE = YES;
				IPHONEOS_DEPLOYMENT_TARGET = 12.2;
				MTL_ENABLE_DEBUG_INFO = NO;
				MTL_FAST_MATH = YES;
				SDKROOT = iphoneos;
				SWIFT_COMPILATION_MODE = wholemodule;
				SWIFT_OPTIMIZATION_LEVEL = "-O";
				VALIDATE_PRODUCT = YES;
			};
			name = Release;
		};
		3BE436B622F8D79C00F1C6CE /* Debug */ = {
			isa = XCBuildConfiguration;
			buildSettings = {
				ASSETCATALOG_COMPILER_APPICON_NAME = AppIcon;
				CODE_SIGN_STYLE = Automatic;
				DEVELOPMENT_TEAM = 7A2MDG26ZT;
				INFOPLIST_FILE = myjournal_lbta/Info.plist;
				IPHONEOS_DEPLOYMENT_TARGET = 12.2;
				LD_RUNPATH_SEARCH_PATHS = (
					"$(inherited)",
					"@executable_path/Frameworks",
				);
				PRODUCT_BUNDLE_IDENTIFIER = "com.stepanet.myjournal-lbta";
				PRODUCT_NAME = "$(TARGET_NAME)";
				SWIFT_VERSION = 5.0;
				TARGETED_DEVICE_FAMILY = "1,2";
			};
			name = Debug;
		};
		3BE436B722F8D79C00F1C6CE /* Release */ = {
			isa = XCBuildConfiguration;
			buildSettings = {
				ASSETCATALOG_COMPILER_APPICON_NAME = AppIcon;
				CODE_SIGN_STYLE = Automatic;
				DEVELOPMENT_TEAM = 7A2MDG26ZT;
				INFOPLIST_FILE = myjournal_lbta/Info.plist;
				IPHONEOS_DEPLOYMENT_TARGET = 12.2;
				LD_RUNPATH_SEARCH_PATHS = (
					"$(inherited)",
					"@executable_path/Frameworks",
				);
				PRODUCT_BUNDLE_IDENTIFIER = "com.stepanet.myjournal-lbta";
				PRODUCT_NAME = "$(TARGET_NAME)";
				SWIFT_VERSION = 5.0;
				TARGETED_DEVICE_FAMILY = "1,2";
			};
			name = Release;
		};
/* End XCBuildConfiguration section */

/* Begin XCConfigurationList section */
		3BE4369C22F8D79000F1C6CE /* Build configuration list for PBXProject "myjournal_lbta" */ = {
			isa = XCConfigurationList;
			buildConfigurations = (
				3BE436B322F8D79C00F1C6CE /* Debug */,
				3BE436B422F8D79C00F1C6CE /* Release */,
			);
			defaultConfigurationIsVisible = 0;
			defaultConfigurationName = Release;
		};
		3BE436B522F8D79C00F1C6CE /* Build configuration list for PBXNativeTarget "myjournal_lbta" */ = {
			isa = XCConfigurationList;
			buildConfigurations = (
				3BE436B622F8D79C00F1C6CE /* Debug */,
				3BE436B722F8D79C00F1C6CE /* Release */,
			);
			defaultConfigurationIsVisible = 0;
			defaultConfigurationName = Release;
		};
/* End XCConfigurationList section */
	};
	rootObject = 3BE4369922F8D79000F1C6CE /* Project object */;
}
